
Microsoft Visual Studio Solution File, Format Version 12.00
# Visual Studio Version 17
VisualStudioVersion = 17.0.31903.59
MinimumVisualStudioVersion = 10.0.40219.1
Project("{FAE04EC0-301F-11D3-BF4B-00C04F79EFBC}") = "Model", "Model\Model.csproj", "{894D7858-9B0E-42FE-92B1-AE41881F68A8}"
EndProject
Project("{FAE04EC0-301F-11D3-BF4B-00C04F79EFBC}") = "Test", "Test\Test.csproj", "{A8FA6986-003D-4E2A-AAB5-99C97C8B695A}"
EndProject
Project("{FAE04EC0-301F-11D3-BF4B-00C04F79EFBC}") = "Utils", "Utils\Utils.csproj", "{D1FDA07E-BF2B-4B73-9429-0227D3348EF5}"
EndProject
Global
	GlobalSection(SolutionConfigurationPlatforms) = preSolution
		Debug|Any CPU = Debug|Any CPU
		Release|Any CPU = Release|Any CPU
	EndGlobalSection
	GlobalSection(SolutionProperties) = preSolution
		HideSolutionNode = FALSE
	EndGlobalSection
	GlobalSection(ProjectConfigurationPlatforms) = postSolution
		{894D7858-9B0E-42FE-92B1-AE41881F68A8}.Debug|Any CPU.ActiveCfg = Debug|Any CPU
		{894D7858-9B0E-42FE-92B1-AE41881F68A8}.Debug|Any CPU.Build.0 = Debug|Any CPU
		{894D7858-9B0E-42FE-92B1-AE41881F68A8}.Release|Any CPU.ActiveCfg = Release|Any CPU
		{894D7858-9B0E-42FE-92B1-AE41881F68A8}.Release|Any CPU.Build.0 = Release|Any CPU
		{A8FA6986-003D-4E2A-AAB5-99C97C8B695A}.Debug|Any CPU.ActiveCfg = Debug|Any CPU
		{A8FA6986-003D-4E2A-AAB5-99C97C8B695A}.Debug|Any CPU.Build.0 = Debug|Any CPU
		{A8FA6986-003D-4E2A-AAB5-99C97C8B695A}.Release|Any CPU.ActiveCfg = Release|Any CPU
		{A8FA6986-003D-4E2A-AAB5-99C97C8B695A}.Release|Any CPU.Build.0 = Release|Any CPU
		{D1FDA07E-BF2B-4B73-9429-0227D3348EF5}.Debug|Any CPU.ActiveCfg = Debug|Any CPU
		{D1FDA07E-BF2B-4B73-9429-0227D3348EF5}.Debug|Any CPU.Build.0 = Debug|Any CPU
		{D1FDA07E-BF2B-4B73-9429-0227D3348EF5}.Release|Any CPU.ActiveCfg = Release|Any CPU
		{D1FDA07E-BF2B-4B73-9429-0227D3348EF5}.Release|Any CPU.Build.0 = Release|Any CPU
	EndGlobalSection
EndGlobal
